
Microsoft Visual Studio Solution File, Format Version 12.00
# Visual Studio Version 16
VisualStudioVersion = 16.0.30711.63
MinimumVisualStudioVersion = 10.0.40219.1
Project("{FAE04EC0-301F-11D3-BF4B-00C04F79EFBC}") = "Hwk5-PublisherGUI-v2", "Hwk5-PublisherGUI-v2\Hwk5-PublisherGUI-v2.csproj", "{30643D50-719D-4985-BAAF-A753EFAF590A}"
EndProject
Global
	GlobalSection(SolutionConfigurationPlatforms) = preSolution
		Debug|Any CPU = Debug|Any CPU
		Release|Any CPU = Release|Any CPU
	EndGlobalSection
	GlobalSection(ProjectConfigurationPlatforms) = postSolution
		{30643D50-719D-4985-BAAF-A753EFAF590A}.Debug|Any CPU.ActiveCfg = Debug|Any CPU
		{30643D50-719D-4985-BAAF-A753EFAF590A}.Debug|Any CPU.Build.0 = Debug|Any CPU
		{30643D50-719D-4985-BAAF-A753EFAF590A}.Release|Any CPU.ActiveCfg = Release|Any CPU
		{30643D50-719D-4985-BAAF-A753EFAF590A}.Release|Any CPU.Build.0 = Release|Any CPU
	EndGlobalSection
	GlobalSection(SolutionProperties) = preSolution
		HideSolutionNode = FALSE
	EndGlobalSection
	GlobalSection(ExtensibilityGlobals) = postSolution
		SolutionGuid = {E0AC75A3-9254-427C-AA05-0A04AB262C70}
	EndGlobalSection
EndGlobal
